
Microsoft Visual Studio Solution File, Format Version 12.00
# Visual Studio Version 17
VisualStudioVersion = 17.3.32929.385
MinimumVisualStudioVersion = 10.0.40219.1
Project("{FAE04EC0-301F-11D3-BF4B-00C04F79EFBC}") = "Osminin_Lab3", "Osminin_Lab3\Osminin_Lab3.csproj", "{D50369C8-E4A9-4D74-8BCF-A0697BFDCCDA}"
EndProject
Global
	GlobalSection(SolutionConfigurationPlatforms) = preSolution
		Debug|Any CPU = Debug|Any CPU
		Release|Any CPU = Release|Any CPU
	EndGlobalSection
	GlobalSection(ProjectConfigurationPlatforms) = postSolution
		{D50369C8-E4A9-4D74-8BCF-A0697BFDCCDA}.Debug|Any CPU.ActiveCfg = Debug|Any CPU
		{D50369C8-E4A9-4D74-8BCF-A0697BFDCCDA}.Debug|Any CPU.Build.0 = Debug|Any CPU
		{D50369C8-E4A9-4D74-8BCF-A0697BFDCCDA}.Release|Any CPU.ActiveCfg = Release|Any CPU
		{D50369C8-E4A9-4D74-8BCF-A0697BFDCCDA}.Release|Any CPU.Build.0 = Release|Any CPU
	EndGlobalSection
	GlobalSection(SolutionProperties) = preSolution
		HideSolutionNode = FALSE
	EndGlobalSection
	GlobalSection(ExtensibilityGlobals) = postSolution
		SolutionGuid = {4AEA1E4B-BE60-4F4C-A16E-2E19F5339D8A}
	EndGlobalSection
EndGlobal
